// !$*UTF8*$!
{
	archiveVersion = 1;
	classes = {
	};
	objectVersion = 46;
	objects = {

/* Begin PBXBuildFile section */
		3143B8AC158EB53300DE84BD /* Cocoa.framework in Frameworks */ = {isa = PBXBuildFile; fileRef = 3143B8AB158EB53300DE84BD /* Cocoa.framework */; };
		3143B8B6158EB53300DE84BD /* InfoPlist.strings in Resources */ = {isa = PBXBuildFile; fileRef = 3143B8B4158EB53300DE84BD /* InfoPlist.strings */; };
		3143B8B8158EB53300DE84BD /* main.m in Sources */ = {isa = PBXBuildFile; fileRef = 3143B8B7158EB53300DE84BD /* main.m */; };
		3143B8BC158EB53300DE84BD /* Credits.rtf in Resources */ = {isa = PBXBuildFile; fileRef = 3143B8BA158EB53300DE84BD /* Credits.rtf */; };
		3143B8BF158EB53300DE84BD /* PRHAppDelegate.m in Sources */ = {isa = PBXBuildFile; fileRef = 3143B8BE158EB53300DE84BD /* PRHAppDelegate.m */; };
		3143B8C2158EB53300DE84BD /* MainMenu.xib in Resources */ = {isa = PBXBuildFile; fileRef = 3143B8C0158EB53300DE84BD /* MainMenu.xib */; };
/* End PBXBuildFile section */

/* Begin PBXFileReference section */
		3143B8A7158EB53300DE84BD /* AffineTransformTest.app */ = {isa = PBXFileReference; explicitFileType = wrapper.application; includeInIndex = 0; path = AffineTransformTest.app; sourceTree = BUILT_PRODUCTS_DIR; };
		3143B8AB158EB53300DE84BD /* Cocoa.framework */ = {isa = PBXFileReference; lastKnownFileType = wrapper.framework; name = Cocoa.framework; path = System/Library/Frameworks/Cocoa.framework; sourceTree = SDKROOT; };
		3143B8AE158EB53300DE84BD /* AppKit.framework */ = {isa = PBXFileReference; lastKnownFileType = wrapper.framework; name = AppKit.framework; path = System/Library/Frameworks/AppKit.framework; sourceTree = SDKROOT; };
		3143B8AF158EB53300DE84BD /* CoreData.framework */ = {isa = PBXFileReference; lastKnownFileType = wrapper.framework; name = CoreData.framework; path = System/Library/Frameworks/CoreData.framework; sourceTree = SDKROOT; };
		3143B8B0158EB53300DE84BD /* Foundation.framework */ = {isa = PBXFileReference; lastKnownFileType = wrapper.framework; name = Foundation.framework; path = System/Library/Frameworks/Foundation.framework; sourceTree = SDKROOT; };
		3143B8B3158EB53300DE84BD /* AffineTransformTest-Info.plist */ = {isa = PBXFileReference; path = "AffineTransformTest-Info.plist"; sourceTree = "<group>"; };
		3143B8B5158EB53300DE84BD /* en */ = {isa = PBXFileReference; lastKnownFileType = text.plist.strings; name = en; path = en.lproj/InfoPlist.strings; sourceTree = "<group>"; };
		3143B8B7158EB53300DE84BD /* main.m */ = {isa = PBXFileReference; lastKnownFileType = sourcecode.c.objc; path = main.m; sourceTree = "<group>"; };
		3143B8B9158EB53300DE84BD /* AffineTransformTest-Prefix.pch */ = {isa = PBXFileReference; path = "AffineTransformTest-Prefix.pch"; sourceTree = "<group>"; };
		3143B8BB158EB53300DE84BD /* en */ = {isa = PBXFileReference; lastKnownFileType = text.rtf; name = en; path = en.lproj/Credits.rtf; sourceTree = "<group>"; };
		3143B8BD158EB53300DE84BD /* PRHAppDelegate.h */ = {isa = PBXFileReference; path = PRHAppDelegate.h; sourceTree = "<group>"; };
		3143B8BE158EB53300DE84BD /* PRHAppDelegate.m */ = {isa = PBXFileReference; lastKnownFileType = sourcecode.c.objc; path = PRHAppDelegate.m; sourceTree = "<group>"; };
		3143B8C1158EB53300DE84BD /* en */ = {isa = PBXFileReference; lastKnownFileType = file.xib; name = en; path = en.lproj/MainMenu.xib; sourceTree = "<group>"; };
/* End PBXFileReference section */

/* Begin PBXFrameworksBuildPhase section */
		3143B8A4158EB53300DE84BD /* Frameworks */ = {
			isa = PBXFrameworksBuildPhase;
			buildActionMask = 2147483647;
			files = (
				3143B8AC158EB53300DE84BD /* Cocoa.framework in Frameworks */,
			);
			runOnlyForDeploymentPostprocessing = 0;
		};
/* End PBXFrameworksBuildPhase section */

/* Begin PBXGroup section */
		3143B89C158EB53200DE84BD = {
			isa = PBXGroup;
			children = (
				3143B8B1158EB53300DE84BD /* AffineTransformTest */,
				3143B8AA158EB53300DE84BD /* Frameworks */,
				3143B8A8158EB53300DE84BD /* Products */,
			);
			sourceTree = "<group>";
		};
		3143B8A8158EB53300DE84BD /* Products */ = {
			isa = PBXGroup;
			children = (
				3143B8A7158EB53300DE84BD /* AffineTransformTest.app */,
			);
			name = Products;
			sourceTree = "<group>";
		};
		3143B8AA158EB53300DE84BD /* Frameworks */ = {
			isa = PBXGroup;
			children = (
				3143B8AB158EB53300DE84BD /* Cocoa.framework */,
				3143B8AD158EB53300DE84BD /* Other Frameworks */,
			);
			name = Frameworks;
			sourceTree = "<group>";
		};
		3143B8AD158EB53300DE84BD /* Other Frameworks */ = {
			isa = PBXGroup;
			children = (
				3143B8AE158EB53300DE84BD /* AppKit.framework */,
				3143B8AF158EB53300DE84BD /* CoreData.framework */,
				3143B8B0158EB53300DE84BD /* Foundation.framework */,
			);
			name = "Other Frameworks";
			sourceTree = "<group>";
		};
		3143B8B1158EB53300DE84BD /* AffineTransformTest */ = {
			isa = PBXGroup;
			children = (
				3143B8BD158EB53300DE84BD /* PRHAppDelegate.h */,
				3143B8BE158EB53300DE84BD /* PRHAppDelegate.m */,
				3143B8C0158EB53300DE84BD /* MainMenu.xib */,
				3143B8B2158EB53300DE84BD /* Supporting Files */,
			);
			path = AffineTransformTest;
			sourceTree = "<group>";
		};
		3143B8B2158EB53300DE84BD /* Supporting Files */ = {
			isa = PBXGroup;
			children = (
				3143B8B3158EB53300DE84BD /* AffineTransformTest-Info.plist */,
				3143B8B4158EB53300DE84BD /* InfoPlist.strings */,
				3143B8B7158EB53300DE84BD /* main.m */,
				3143B8B9158EB53300DE84BD /* AffineTransformTest-Prefix.pch */,
				3143B8BA158EB53300DE84BD /* Credits.rtf */,
			);
			name = "Supporting Files";
			sourceTree = "<group>";
		};
/* End PBXGroup section */

/* Begin PBXNativeTarget section */
		3143B8A6158EB53300DE84BD /* AffineTransformTest */ = {
			isa = PBXNativeTarget;
			buildConfigurationList = 3143B8C5158EB53300DE84BD /* Build configuration list for PBXNativeTarget "AffineTransformTest" */;
			buildPhases = (
				3143B8A3158EB53300DE84BD /* Sources */,
				3143B8A4158EB53300DE84BD /* Frameworks */,
				3143B8A5158EB53300DE84BD /* Resources */,
			);
			buildRules = (
			);
			dependencies = (
			);
			name = AffineTransformTest;
			productName = AffineTransformTest;
			productReference = 3143B8A7158EB53300DE84BD /* AffineTransformTest.app */;
			productType = "com.apple.product-type.application";
		};
/* End PBXNativeTarget section */

/* Begin PBXProject section */
		3143B89E158EB53200DE84BD /* Project object */ = {
			isa = PBXProject;
			attributes = {
				CLASSPREFIX = PRH;
				LastUpgradeCheck = 0430;
			};
			buildConfigurationList = 3143B8A1158EB53200DE84BD /* Build configuration list for PBXProject "AffineTransformTest" */;
			compatibilityVersion = "Xcode 3.2";
			developmentRegion = English;
			hasScannedForEncodings = 0;
			knownRegions = (
				en,
			);
			mainGroup = 3143B89C158EB53200DE84BD;
			productRefGroup = 3143B8A8158EB53300DE84BD /* Products */;
			projectDirPath = "";
			projectRoot = "";
			targets = (
				3143B8A6158EB53300DE84BD /* AffineTransformTest */,
			);
		};
/* End PBXProject section */

/* Begin PBXResourcesBuildPhase section */
		3143B8A5158EB53300DE84BD /* Resources */ = {
			isa = PBXResourcesBuildPhase;
			buildActionMask = 2147483647;
			files = (
				3143B8B6158EB53300DE84BD /* InfoPlist.strings in Resources */,
				3143B8BC158EB53300DE84BD /* Credits.rtf in Resources */,
				3143B8C2158EB53300DE84BD /* MainMenu.xib in Resources */,
			);
			runOnlyForDeploymentPostprocessing = 0;
		};
/* End PBXResourcesBuildPhase section */

/* Begin PBXSourcesBuildPhase section */
		3143B8A3158EB53300DE84BD /* Sources */ = {
			isa = PBXSourcesBuildPhase;
			buildActionMask = 2147483647;
			files = (
				3143B8B8158EB53300DE84BD /* main.m in Sources */,
				3143B8BF158EB53300DE84BD /* PRHAppDelegate.m in Sources */,
			);
			runOnlyForDeploymentPostprocessing = 0;
		};
/* End PBXSourcesBuildPhase section */

/* Begin PBXVariantGroup section */
		3143B8B4158EB53300DE84BD /* InfoPlist.strings */ = {
			isa = PBXVariantGroup;
			children = (
				3143B8B5158EB53300DE84BD /* en */,
			);
			name = InfoPlist.strings;
			sourceTree = "<group>";
		};
		3143B8BA158EB53300DE84BD /* Credits.rtf */ = {
			isa = PBXVariantGroup;
			children = (
				3143B8BB158EB53300DE84BD /* en */,
			);
			name = Credits.rtf;
			sourceTree = "<group>";
		};
		3143B8C0158EB53300DE84BD /* MainMenu.xib */ = {
			isa = PBXVariantGroup;
			children = (
				3143B8C1158EB53300DE84BD /* en */,
			);
			name = MainMenu.xib;
			sourceTree = "<group>";
		};
/* End PBXVariantGroup section */

/* Begin XCBuildConfiguration section */
		3143B8C3158EB53300DE84BD /* Debug */ = {
			isa = XCBuildConfiguration;
			buildSettings = {
				ALWAYS_SEARCH_USER_PATHS = NO;
				ARCHS = "$(ARCHS_STANDARD_64_BIT)";
				CLANG_ENABLE_OBJC_ARC = YES;
				COPY_PHASE_STRIP = NO;
				GCC_C_LANGUAGE_STANDARD = gnu99;
				GCC_DYNAMIC_NO_PIC = NO;
				GCC_ENABLE_OBJC_EXCEPTIONS = YES;
				GCC_OPTIMIZATION_LEVEL = 0;
				GCC_PREPROCESSOR_DEFINITIONS = (
					"DEBUG=1",
					"$(inherited)",
				);
				GCC_SYMBOLS_PRIVATE_EXTERN = NO;
				GCC_VERSION = com.apple.compilers.llvm.clang.1_0;
				GCC_WARN_64_TO_32_BIT_CONVERSION = YES;
				GCC_WARN_ABOUT_RETURN_TYPE = YES;
				GCC_WARN_UNINITIALIZED_AUTOS = YES;
				GCC_WARN_UNUSED_VARIABLE = YES;
				MACOSX_DEPLOYMENT_TARGET = 10.7;
				ONLY_ACTIVE_ARCH = YES;
				SDKROOT = macosx;
			};
			name = Debug;
		};
		3143B8C4158EB53300DE84BD /* Release */ = {
			isa = XCBuildConfiguration;
			buildSettings = {
				ALWAYS_SEARCH_USER_PATHS = NO;
				ARCHS = "$(ARCHS_STANDARD_64_BIT)";
				CLANG_ENABLE_OBJC_ARC = YES;
				COPY_PHASE_STRIP = YES;
				DEBUG_INFORMATION_FORMAT = "dwarf-with-dsym";
				GCC_C_LANGUAGE_STANDARD = gnu99;
				GCC_ENABLE_OBJC_EXCEPTIONS = YES;
				GCC_VERSION = com.apple.compilers.llvm.clang.1_0;
				GCC_WARN_64_TO_32_BIT_CONVERSION = YES;
				GCC_WARN_ABOUT_RETURN_TYPE = YES;
				GCC_WARN_UNINITIALIZED_AUTOS = YES;
				GCC_WARN_UNUSED_VARIABLE = YES;
				MACOSX_DEPLOYMENT_TARGET = 10.7;
				SDKROOT = macosx;
			};
			name = Release;
		};
		3143B8C6158EB53300DE84BD /* Debug */ = {
			isa = XCBuildConfiguration;
			buildSettings = {
				GCC_PRECOMPILE_PREFIX_HEADER = YES;
				GCC_PREFIX_HEADER = "AffineTransformTest/AffineTransformTest-Prefix.pch";
				INFOPLIST_FILE = "AffineTransformTest/AffineTransformTest-Info.plist";
				PRODUCT_NAME = "$(TARGET_NAME)";
				WRAPPER_EXTENSION = app;
			};
			name = Debug;
		};
		3143B8C7158EB53300DE84BD /* Release */ = {
			isa = XCBuildConfiguration;
			buildSettings = {
				GCC_PRECOMPILE_PREFIX_HEADER = YES;
				GCC_PREFIX_HEADER = "AffineTransformTest/AffineTransformTest-Prefix.pch";
				INFOPLIST_FILE = "AffineTransformTest/AffineTransformTest-Info.plist";
				PRODUCT_NAME = "$(TARGET_NAME)";
				WRAPPER_EXTENSION = app;
			};
			name = Release;
		};
/* End XCBuildConfiguration section */

/* Begin XCConfigurationList section */
		3143B8A1158EB53200DE84BD /* Build configuration list for PBXProject "AffineTransformTest" */ = {
			isa = XCConfigurationList;
			buildConfigurations = (
				3143B8C3158EB53300DE84BD /* Debug */,
				3143B8C4158EB53300DE84BD /* Release */,
			);
			defaultConfigurationIsVisible = 0;
			defaultConfigurationName = Release;
		};
		3143B8C5158EB53300DE84BD /* Build configuration list for PBXNativeTarget "AffineTransformTest" */ = {
			isa = XCConfigurationList;
			buildConfigurations = (
				3143B8C6158EB53300DE84BD /* Debug */,
				3143B8C7158EB53300DE84BD /* Release */,
			);
			defaultConfigurationIsVisible = 0;
		};
/* End XCConfigurationList section */
	};
	rootObject = 3143B89E158EB53200DE84BD /* Project object */;
}
